<?xml version="1.0" encoding="utf-8"?>
<Project ToolsVersion="4.0" xmlns="http://schemas.microsoft.com/developer/msbuild/2003">
  <ItemGroup>
    <Filter Include="Source Files">
      <UniqueIdentifier>{4FC737F1-C7A5-4376-A066-2A32D752A2FF}</UniqueIdentifier>
      <Extensions>cpp;c;cc;cxx;c++;cppm;ixx;def;odl;idl;hpj;bat;asm;asmx</Extensions>
    </Filter>
    <Filter Include="Engine">
      <UniqueIdentifier>{94f1e75a-6f25-4490-8376-6d0109200834}</UniqueIdentifier>
    </Filter>
    <Filter Include="Engine\Components">
      <UniqueIdentifier>{ca07f81c-e9ec-4d02-b097-2455d3d16939}</UniqueIdentifier>
    </Filter>
    <Filter Include="Engine\Components\UI">
      <UniqueIdentifier>{b376c059-61b9-4a14-a0b0-e20a9b885ff3}</UniqueIdentifier>
    </Filter>
    <Filter Include="Engine\Components\Animation">
      <UniqueIdentifier>{1008797c-02fa-486a-a3e4-2955a954a09c}</UniqueIdentifier>
    </Filter>
    <Filter Include="Engine\Components\Input">
      <UniqueIdentifier>{ea9d5233-618e-42b2-ae70-83892127a2a4}</UniqueIdentifier>
    </Filter>
    <Filter Include="Engine\Components\Camera">
      <UniqueIdentifier>{4596f9f2-9bda-4dcb-b66f-a4aee8c5dcce}</UniqueIdentifier>
    </Filter>
    <Filter Include="Engine\Interfaces">
      <UniqueIdentifier>{0e890752-7168-439e-a4f6-24364d25b5ae}</UniqueIdentifier>
    </Filter>
    <Filter Include="Engine\Core">
      <UniqueIdentifier>{2b47b4b3-8d7e-4904-b5f1-5b86de151c33}</UniqueIdentifier>
    </Filter>
  </ItemGroup>
  <ItemGroup>
    <ClCompile Include="Camera.cpp">
      <Filter>Engine\Components\Camera</Filter>
    </ClCompile>
    <ClCompile Include="animation.cpp">
      <Filter>Engine\Components\Animation</Filter>
    </ClCompile>
    <ClCompile Include="animator.cpp">
      <Filter>Engine\Components\Animation</Filter>
    </ClCompile>
    <ClCompile Include="ui_component.cpp">
      <Filter>Engine\Components\UI</Filter>
    </ClCompile>
    <ClCompile Include="main.cpp">
      <Filter>Source Files</Filter>
    </ClCompile>
    <ClCompile Include="gameobject.cpp">
      <Filter>Engine\Interfaces</Filter>
    </ClCompile>
    <ClCompile Include="Gamepad.cpp">
      <Filter>Engine\Components\Input</Filter>
    </ClCompile>
    <ClCompile Include="InputMaster.cpp">
      <Filter>Engine\Components\Input</Filter>
    </ClCompile>
    <ClCompile Include="game.cpp">
      <Filter>Engine\Core</Filter>
    </ClCompile>
    <ClCompile Include="Renderer.cpp">
      <Filter>Engine\Core</Filter>
    </ClCompile>
    <ClCompile Include="Graphics\Window.cpp">
      <Filter>Engine\Core</Filter>
    </ClCompile>
    <ClCompile Include="tilemap.cpp">
      <Filter>Engine\Core</Filter>
    </ClCompile>
    <ClCompile Include="audiolib.cpp">
      <Filter>Source Files</Filter>
    </ClCompile>
    <ClCompile Include="audioman.cpp">
      <Filter>Source Files</Filter>
    </ClCompile>
    <ClCompile Include="image.cpp">
      <Filter>Engine\Components\UI</Filter>
    </ClCompile>
    <ClCompile Include="slider.cpp">
      <Filter>Engine\Components\UI</Filter>
    </ClCompile>
    <ClCompile Include="text.cpp">
      <Filter>Engine\Components\UI</Filter>
    </ClCompile>
  </ItemGroup>
  <ItemGroup>
    <ClInclude Include="Camera.h">
      <Filter>Engine\Components\Camera</Filter>
    </ClInclude>
    <ClInclude Include="animation.h">
      <Filter>Engine\Components\Animation</Filter>
    </ClInclude>
    <ClInclude Include="animator.h">
      <Filter>Engine\Components\Animation</Filter>
    </ClInclude>
    <ClInclude Include="ui_component.h">
      <Filter>Engine\Components\UI</Filter>
    </ClInclude>
    <ClInclude Include="gameobject.h">
      <Filter>Engine\Interfaces</Filter>
    </ClInclude>
    <ClInclude Include="Gamepad.h">
      <Filter>Engine\Components\Input</Filter>
    </ClInclude>
    <ClInclude Include="InputMaster.h">
      <Filter>Engine\Components\Input</Filter>
    </ClInclude>
    <ClInclude Include="Graphics\Window.h">
      <Filter>Engine\Core</Filter>
    </ClInclude>
    <ClInclude Include="game.h">
      <Filter>Engine\Core</Filter>
    </ClInclude>
    <ClInclude Include="Renderer.h">
      <Filter>Engine\Core</Filter>
    </ClInclude>
    <ClInclude Include="tilemap.h">
      <Filter>Engine\Core</Filter>
    </ClInclude>
    <ClInclude Include="audiolib.h" />
    <ClInclude Include="audioman.h" />
    <ClInclude Include="image.h">
      <Filter>Engine\Components\UI</Filter>
    </ClInclude>
    <ClInclude Include="slider.h">
      <Filter>Engine\Components\UI</Filter>
    </ClInclude>
    <ClInclude Include="text.h">
      <Filter>Engine\Components\UI</Filter>
    </ClInclude>
  </ItemGroup>
</Project>